
Microsoft Visual Studio Solution File, Format Version 12.00
# Visual Studio Version 17
VisualStudioVersion = 17.2.32616.157
MinimumVisualStudioVersion = 10.0.40219.1
Project("{FAE04EC0-301F-11D3-BF4B-00C04F79EFBC}") = "ConsoleTafels", "ConsoleTafels\ConsoleTafels.csproj", "{BF26C6F1-4A2B-45F4-B493-ED2A41471F37}"
EndProject
Project("{FAE04EC0-301F-11D3-BF4B-00C04F79EFBC}") = "ConsoleKlinkersSpaties", "ConsoleKlinkersSpaties\ConsoleKlinkersSpaties.csproj", "{88819B5A-F219-4F84-BA8A-054AA1F11FAD}"
EndProject
Project("{FAE04EC0-301F-11D3-BF4B-00C04F79EFBC}") = "ConsoleComplexiteit", "ConsoleComplexiteit\ConsoleComplexiteit.csproj", "{1C66EECF-B4D0-4F47-ABF7-FF91E521F7CF}"
EndProject
Project("{FAE04EC0-301F-11D3-BF4B-00C04F79EFBC}") = "WpfCarConfigurator", "WpfCarConfigurator\WpfCarConfigurator.csproj", "{A8D0B708-BBC2-4B76-A3F2-097E70A9DE17}"
EndProject
Project("{FAE04EC0-301F-11D3-BF4B-00C04F79EFBC}") = "WpfComplexiteit", "WpfComplexiteit\WpfComplexiteit.csproj", "{B89A2289-45BC-4BBD-8A7A-67D7E3E1834B}"
EndProject
Global
	GlobalSection(SolutionConfigurationPlatforms) = preSolution
		Debug|Any CPU = Debug|Any CPU
		Release|Any CPU = Release|Any CPU
	EndGlobalSection
	GlobalSection(ProjectConfigurationPlatforms) = postSolution
		{BF26C6F1-4A2B-45F4-B493-ED2A41471F37}.Debug|Any CPU.ActiveCfg = Debug|Any CPU
		{BF26C6F1-4A2B-45F4-B493-ED2A41471F37}.Debug|Any CPU.Build.0 = Debug|Any CPU
		{BF26C6F1-4A2B-45F4-B493-ED2A41471F37}.Release|Any CPU.ActiveCfg = Release|Any CPU
		{BF26C6F1-4A2B-45F4-B493-ED2A41471F37}.Release|Any CPU.Build.0 = Release|Any CPU
		{88819B5A-F219-4F84-BA8A-054AA1F11FAD}.Debug|Any CPU.ActiveCfg = Debug|Any CPU
		{88819B5A-F219-4F84-BA8A-054AA1F11FAD}.Debug|Any CPU.Build.0 = Debug|Any CPU
		{88819B5A-F219-4F84-BA8A-054AA1F11FAD}.Release|Any CPU.ActiveCfg = Release|Any CPU
		{88819B5A-F219-4F84-BA8A-054AA1F11FAD}.Release|Any CPU.Build.0 = Release|Any CPU
		{1C66EECF-B4D0-4F47-ABF7-FF91E521F7CF}.Debug|Any CPU.ActiveCfg = Debug|Any CPU
		{1C66EECF-B4D0-4F47-ABF7-FF91E521F7CF}.Debug|Any CPU.Build.0 = Debug|Any CPU
		{1C66EECF-B4D0-4F47-ABF7-FF91E521F7CF}.Release|Any CPU.ActiveCfg = Release|Any CPU
		{1C66EECF-B4D0-4F47-ABF7-FF91E521F7CF}.Release|Any CPU.Build.0 = Release|Any CPU
		{A8D0B708-BBC2-4B76-A3F2-097E70A9DE17}.Debug|Any CPU.ActiveCfg = Debug|Any CPU
		{A8D0B708-BBC2-4B76-A3F2-097E70A9DE17}.Debug|Any CPU.Build.0 = Debug|Any CPU
		{A8D0B708-BBC2-4B76-A3F2-097E70A9DE17}.Release|Any CPU.ActiveCfg = Release|Any CPU
		{A8D0B708-BBC2-4B76-A3F2-097E70A9DE17}.Release|Any CPU.Build.0 = Release|Any CPU
		{B89A2289-45BC-4BBD-8A7A-67D7E3E1834B}.Debug|Any CPU.ActiveCfg = Debug|Any CPU
		{B89A2289-45BC-4BBD-8A7A-67D7E3E1834B}.Debug|Any CPU.Build.0 = Debug|Any CPU
		{B89A2289-45BC-4BBD-8A7A-67D7E3E1834B}.Release|Any CPU.ActiveCfg = Release|Any CPU
		{B89A2289-45BC-4BBD-8A7A-67D7E3E1834B}.Release|Any CPU.Build.0 = Release|Any CPU
	EndGlobalSection
	GlobalSection(SolutionProperties) = preSolution
		HideSolutionNode = FALSE
	EndGlobalSection
	GlobalSection(ExtensibilityGlobals) = postSolution
		SolutionGuid = {81BB8013-E21A-4A3F-AEE2-4BB988924393}
	EndGlobalSection
EndGlobal
